// !$*UTF8*$!
{
	archiveVersion = 1;
	classes = {
	};
	objectVersion = 56;
	objects = {

/* Begin PBXBuildFile section */
		F4B95FDB2CE72F3800DF6DA7 /* AnimationExampleApp.swift in Sources */ = {isa = PBXBuildFile; fileRef = F4B95FDA2CE72F3800DF6DA7 /* AnimationExampleApp.swift */; };
		F4B95FDF2CE72F3A00DF6DA7 /* Assets.xcassets in Resources */ = {isa = PBXBuildFile; fileRef = F4B95FDE2CE72F3A00DF6DA7 /* Assets.xcassets */; };
		F4B95FE22CE72F3A00DF6DA7 /* Preview Assets.xcassets in Resources */ = {isa = PBXBuildFile; fileRef = F4B95FE12CE72F3A00DF6DA7 /* Preview Assets.xcassets */; };
		F4B95FEC2CE72F3A00DF6DA7 /* AnimationExampleTests.swift in Sources */ = {isa = PBXBuildFile; fileRef = F4B95FEB2CE72F3A00DF6DA7 /* AnimationExampleTests.swift */; };
		F4B95FF62CE72F3A00DF6DA7 /* AnimationExampleUITests.swift in Sources */ = {isa = PBXBuildFile; fileRef = F4B95FF52CE72F3A00DF6DA7 /* AnimationExampleUITests.swift */; };
		F4B95FF82CE72F3A00DF6DA7 /* AnimationExampleUITestsLaunchTests.swift in Sources */ = {isa = PBXBuildFile; fileRef = F4B95FF72CE72F3A00DF6DA7 /* AnimationExampleUITestsLaunchTests.swift */; };
		F4B960062CE730C100DF6DA7 /* CartLoadingAnimationView.swift in Sources */ = {isa = PBXBuildFile; fileRef = F4B960052CE730C100DF6DA7 /* CartLoadingAnimationView.swift */; };
		F4B960092CE730F800DF6DA7 /* CartShape.swift in Sources */ = {isa = PBXBuildFile; fileRef = F4B960082CE730F800DF6DA7 /* CartShape.swift */; };
		F4B9600B2CE7313100DF6DA7 /* InfinityShape.swift in Sources */ = {isa = PBXBuildFile; fileRef = F4B9600A2CE7313100DF6DA7 /* InfinityShape.swift */; };
		F4B9600D2CE7317200DF6DA7 /* InfiniteShapeAnimationView.swift in Sources */ = {isa = PBXBuildFile; fileRef = F4B9600C2CE7317200DF6DA7 /* InfiniteShapeAnimationView.swift */; };
		F4B960102CE731FA00DF6DA7 /* Constants.swift in Sources */ = {isa = PBXBuildFile; fileRef = F4B9600F2CE731FA00DF6DA7 /* Constants.swift */; };
		F4B960122CE732CA00DF6DA7 /* BouncingDotsLoaderView.swift in Sources */ = {isa = PBXBuildFile; fileRef = F4B960112CE732CA00DF6DA7 /* BouncingDotsLoaderView.swift */; };
		F4B960142CE7335300DF6DA7 /* BLELoaderView.swift in Sources */ = {isa = PBXBuildFile; fileRef = F4B960132CE7335300DF6DA7 /* BLELoaderView.swift */; };
		F4B960162CE7340000DF6DA7 /* MenuView.swift in Sources */ = {isa = PBXBuildFile; fileRef = F4B960152CE7340000DF6DA7 /* MenuView.swift */; };
/* End PBXBuildFile section */

/* Begin PBXContainerItemProxy section */
		F4B95FE82CE72F3A00DF6DA7 /* PBXContainerItemProxy */ = {
			isa = PBXContainerItemProxy;
			containerPortal = F4B95FCF2CE72F3800DF6DA7 /* Project object */;
			proxyType = 1;
			remoteGlobalIDString = F4B95FD62CE72F3800DF6DA7;
			remoteInfo = AnimationExample;
		};
		F4B95FF22CE72F3A00DF6DA7 /* PBXContainerItemProxy */ = {
			isa = PBXContainerItemProxy;
			containerPortal = F4B95FCF2CE72F3800DF6DA7 /* Project object */;
			proxyType = 1;
			remoteGlobalIDString = F4B95FD62CE72F3800DF6DA7;
			remoteInfo = AnimationExample;
		};
/* End PBXContainerItemProxy section */

/* Begin PBXFileReference section */
		F4B95FD72CE72F3800DF6DA7 /* AnimationExample.app */ = {isa = PBXFileReference; explicitFileType = wrapper.application; includeInIndex = 0; path = AnimationExample.app; sourceTree = BUILT_PRODUCTS_DIR; };
		F4B95FDA2CE72F3800DF6DA7 /* AnimationExampleApp.swift */ = {isa = PBXFileReference; lastKnownFileType = sourcecode.swift; path = AnimationExampleApp.swift; sourceTree = "<group>"; };
		F4B95FDE2CE72F3A00DF6DA7 /* Assets.xcassets */ = {isa = PBXFileReference; lastKnownFileType = folder.assetcatalog; path = Assets.xcassets; sourceTree = "<group>"; };
		F4B95FE12CE72F3A00DF6DA7 /* Preview Assets.xcassets */ = {isa = PBXFileReference; lastKnownFileType = folder.assetcatalog; path = "Preview Assets.xcassets"; sourceTree = "<group>"; };
		F4B95FE72CE72F3A00DF6DA7 /* AnimationExampleTests.xctest */ = {isa = PBXFileReference; explicitFileType = wrapper.cfbundle; includeInIndex = 0; path = AnimationExampleTests.xctest; sourceTree = BUILT_PRODUCTS_DIR; };
		F4B95FEB2CE72F3A00DF6DA7 /* AnimationExampleTests.swift */ = {isa = PBXFileReference; lastKnownFileType = sourcecode.swift; path = AnimationExampleTests.swift; sourceTree = "<group>"; };
		F4B95FF12CE72F3A00DF6DA7 /* AnimationExampleUITests.xctest */ = {isa = PBXFileReference; explicitFileType = wrapper.cfbundle; includeInIndex = 0; path = AnimationExampleUITests.xctest; sourceTree = BUILT_PRODUCTS_DIR; };
		F4B95FF52CE72F3A00DF6DA7 /* AnimationExampleUITests.swift */ = {isa = PBXFileReference; lastKnownFileType = sourcecode.swift; path = AnimationExampleUITests.swift; sourceTree = "<group>"; };
		F4B95FF72CE72F3A00DF6DA7 /* AnimationExampleUITestsLaunchTests.swift */ = {isa = PBXFileReference; lastKnownFileType = sourcecode.swift; path = AnimationExampleUITestsLaunchTests.swift; sourceTree = "<group>"; };
		F4B960052CE730C100DF6DA7 /* CartLoadingAnimationView.swift */ = {isa = PBXFileReference; lastKnownFileType = sourcecode.swift; path = CartLoadingAnimationView.swift; sourceTree = "<group>"; };
		F4B960082CE730F800DF6DA7 /* CartShape.swift */ = {isa = PBXFileReference; lastKnownFileType = sourcecode.swift; path = CartShape.swift; sourceTree = "<group>"; };
		F4B9600A2CE7313100DF6DA7 /* InfinityShape.swift */ = {isa = PBXFileReference; lastKnownFileType = sourcecode.swift; path = InfinityShape.swift; sourceTree = "<group>"; };
		F4B9600C2CE7317200DF6DA7 /* InfiniteShapeAnimationView.swift */ = {isa = PBXFileReference; lastKnownFileType = sourcecode.swift; path = InfiniteShapeAnimationView.swift; sourceTree = "<group>"; };
		F4B9600F2CE731FA00DF6DA7 /* Constants.swift */ = {isa = PBXFileReference; lastKnownFileType = sourcecode.swift; path = Constants.swift; sourceTree = "<group>"; };
		F4B960112CE732CA00DF6DA7 /* BouncingDotsLoaderView.swift */ = {isa = PBXFileReference; lastKnownFileType = sourcecode.swift; path = BouncingDotsLoaderView.swift; sourceTree = "<group>"; };
		F4B960132CE7335300DF6DA7 /* BLELoaderView.swift */ = {isa = PBXFileReference; lastKnownFileType = sourcecode.swift; path = BLELoaderView.swift; sourceTree = "<group>"; };
		F4B960152CE7340000DF6DA7 /* MenuView.swift */ = {isa = PBXFileReference; lastKnownFileType = sourcecode.swift; path = MenuView.swift; sourceTree = "<group>"; };
/* End PBXFileReference section */

/* Begin PBXFrameworksBuildPhase section */
		F4B95FD42CE72F3800DF6DA7 /* Frameworks */ = {
			isa = PBXFrameworksBuildPhase;
			buildActionMask = 2147483647;
			files = (
			);
			runOnlyForDeploymentPostprocessing = 0;
		};
		F4B95FE42CE72F3A00DF6DA7 /* Frameworks */ = {
			isa = PBXFrameworksBuildPhase;
			buildActionMask = 2147483647;
			files = (
			);
			runOnlyForDeploymentPostprocessing = 0;
		};
		F4B95FEE2CE72F3A00DF6DA7 /* Frameworks */ = {
			isa = PBXFrameworksBuildPhase;
			buildActionMask = 2147483647;
			files = (
			);
			runOnlyForDeploymentPostprocessing = 0;
		};
/* End PBXFrameworksBuildPhase section */

/* Begin PBXGroup section */
		F4B95FCE2CE72F3800DF6DA7 = {
			isa = PBXGroup;
			children = (
				F4B95FD92CE72F3800DF6DA7 /* AnimationExample */,
				F4B95FEA2CE72F3A00DF6DA7 /* AnimationExampleTests */,
				F4B95FF42CE72F3A00DF6DA7 /* AnimationExampleUITests */,
				F4B95FD82CE72F3800DF6DA7 /* Products */,
			);
			sourceTree = "<group>";
		};
		F4B95FD82CE72F3800DF6DA7 /* Products */ = {
			isa = PBXGroup;
			children = (
				F4B95FD72CE72F3800DF6DA7 /* AnimationExample.app */,
				F4B95FE72CE72F3A00DF6DA7 /* AnimationExampleTests.xctest */,
				F4B95FF12CE72F3A00DF6DA7 /* AnimationExampleUITests.xctest */,
			);
			name = Products;
			sourceTree = "<group>";
		};
		F4B95FD92CE72F3800DF6DA7 /* AnimationExample */ = {
			isa = PBXGroup;
			children = (
				F4B9600E2CE731F000DF6DA7 /* Helper */,
				F4B960042CE7309800DF6DA7 /* View */,
				F4B95FDA2CE72F3800DF6DA7 /* AnimationExampleApp.swift */,
				F4B95FDE2CE72F3A00DF6DA7 /* Assets.xcassets */,
				F4B95FE02CE72F3A00DF6DA7 /* Preview Content */,
			);
			path = AnimationExample;
			sourceTree = "<group>";
		};
		F4B95FE02CE72F3A00DF6DA7 /* Preview Content */ = {
			isa = PBXGroup;
			children = (
				F4B95FE12CE72F3A00DF6DA7 /* Preview Assets.xcassets */,
			);
			path = "Preview Content";
			sourceTree = "<group>";
		};
		F4B95FEA2CE72F3A00DF6DA7 /* AnimationExampleTests */ = {
			isa = PBXGroup;
			children = (
				F4B95FEB2CE72F3A00DF6DA7 /* AnimationExampleTests.swift */,
			);
			path = AnimationExampleTests;
			sourceTree = "<group>";
		};
		F4B95FF42CE72F3A00DF6DA7 /* AnimationExampleUITests */ = {
			isa = PBXGroup;
			children = (
				F4B95FF52CE72F3A00DF6DA7 /* AnimationExampleUITests.swift */,
				F4B95FF72CE72F3A00DF6DA7 /* AnimationExampleUITestsLaunchTests.swift */,
			);
			path = AnimationExampleUITests;
			sourceTree = "<group>";
		};
		F4B960042CE7309800DF6DA7 /* View */ = {
			isa = PBXGroup;
			children = (
				F4B960072CE730E400DF6DA7 /* Shapes */,
				F4B960052CE730C100DF6DA7 /* CartLoadingAnimationView.swift */,
				F4B9600C2CE7317200DF6DA7 /* InfiniteShapeAnimationView.swift */,
				F4B960112CE732CA00DF6DA7 /* BouncingDotsLoaderView.swift */,
				F4B960132CE7335300DF6DA7 /* BLELoaderView.swift */,
				F4B960152CE7340000DF6DA7 /* MenuView.swift */,
			);
			path = View;
			sourceTree = "<group>";
		};
		F4B960072CE730E400DF6DA7 /* Shapes */ = {
			isa = PBXGroup;
			children = (
				F4B960082CE730F800DF6DA7 /* CartShape.swift */,
				F4B9600A2CE7313100DF6DA7 /* InfinityShape.swift */,
			);
			path = Shapes;
			sourceTree = "<group>";
		};
		F4B9600E2CE731F000DF6DA7 /* Helper */ = {
			isa = PBXGroup;
			children = (
				F4B9600F2CE731FA00DF6DA7 /* Constants.swift */,
			);
			path = Helper;
			sourceTree = "<group>";
		};
/* End PBXGroup section */

/* Begin PBXNativeTarget section */
		F4B95FD62CE72F3800DF6DA7 /* AnimationExample */ = {
			isa = PBXNativeTarget;
			buildConfigurationList = F4B95FFB2CE72F3A00DF6DA7 /* Build configuration list for PBXNativeTarget "AnimationExample" */;
			buildPhases = (
				F4B95FD32CE72F3800DF6DA7 /* Sources */,
				F4B95FD42CE72F3800DF6DA7 /* Frameworks */,
				F4B95FD52CE72F3800DF6DA7 /* Resources */,
			);
			buildRules = (
			);
			dependencies = (
			);
			name = AnimationExample;
			productName = AnimationExample;
			productReference = F4B95FD72CE72F3800DF6DA7 /* AnimationExample.app */;
			productType = "com.apple.product-type.application";
		};
		F4B95FE62CE72F3A00DF6DA7 /* AnimationExampleTests */ = {
			isa = PBXNativeTarget;
			buildConfigurationList = F4B95FFE2CE72F3A00DF6DA7 /* Build configuration list for PBXNativeTarget "AnimationExampleTests" */;
			buildPhases = (
				F4B95FE32CE72F3A00DF6DA7 /* Sources */,
				F4B95FE42CE72F3A00DF6DA7 /* Frameworks */,
				F4B95FE52CE72F3A00DF6DA7 /* Resources */,
			);
			buildRules = (
			);
			dependencies = (
				F4B95FE92CE72F3A00DF6DA7 /* PBXTargetDependency */,
			);
			name = AnimationExampleTests;
			productName = AnimationExampleTests;
			productReference = F4B95FE72CE72F3A00DF6DA7 /* AnimationExampleTests.xctest */;
			productType = "com.apple.product-type.bundle.unit-test";
		};
		F4B95FF02CE72F3A00DF6DA7 /* AnimationExampleUITests */ = {
			isa = PBXNativeTarget;
			buildConfigurationList = F4B960012CE72F3A00DF6DA7 /* Build configuration list for PBXNativeTarget "AnimationExampleUITests" */;
			buildPhases = (
				F4B95FED2CE72F3A00DF6DA7 /* Sources */,
				F4B95FEE2CE72F3A00DF6DA7 /* Frameworks */,
				F4B95FEF2CE72F3A00DF6DA7 /* Resources */,
			);
			buildRules = (
			);
			dependencies = (
				F4B95FF32CE72F3A00DF6DA7 /* PBXTargetDependency */,
			);
			name = AnimationExampleUITests;
			productName = AnimationExampleUITests;
			productReference = F4B95FF12CE72F3A00DF6DA7 /* AnimationExampleUITests.xctest */;
			productType = "com.apple.product-type.bundle.ui-testing";
		};
/* End PBXNativeTarget section */

/* Begin PBXProject section */
		F4B95FCF2CE72F3800DF6DA7 /* Project object */ = {
			isa = PBXProject;
			attributes = {
				BuildIndependentTargetsInParallel = 1;
				LastSwiftUpdateCheck = 1530;
				LastUpgradeCheck = 1530;
				TargetAttributes = {
					F4B95FD62CE72F3800DF6DA7 = {
						CreatedOnToolsVersion = 15.3;
					};
					F4B95FE62CE72F3A00DF6DA7 = {
						CreatedOnToolsVersion = 15.3;
						TestTargetID = F4B95FD62CE72F3800DF6DA7;
					};
					F4B95FF02CE72F3A00DF6DA7 = {
						CreatedOnToolsVersion = 15.3;
						TestTargetID = F4B95FD62CE72F3800DF6DA7;
					};
				};
			};
			buildConfigurationList = F4B95FD22CE72F3800DF6DA7 /* Build configuration list for PBXProject "AnimationExample" */;
			compatibilityVersion = "Xcode 14.0";
			developmentRegion = en;
			hasScannedForEncodings = 0;
			knownRegions = (
				en,
				Base,
			);
			mainGroup = F4B95FCE2CE72F3800DF6DA7;
			productRefGroup = F4B95FD82CE72F3800DF6DA7 /* Products */;
			projectDirPath = "";
			projectRoot = "";
			targets = (
				F4B95FD62CE72F3800DF6DA7 /* AnimationExample */,
				F4B95FE62CE72F3A00DF6DA7 /* AnimationExampleTests */,
				F4B95FF02CE72F3A00DF6DA7 /* AnimationExampleUITests */,
			);
		};
/* End PBXProject section */

/* Begin PBXResourcesBuildPhase section */
		F4B95FD52CE72F3800DF6DA7 /* Resources */ = {
			isa = PBXResourcesBuildPhase;
			buildActionMask = 2147483647;
			files = (
				F4B95FE22CE72F3A00DF6DA7 /* Preview Assets.xcassets in Resources */,
				F4B95FDF2CE72F3A00DF6DA7 /* Assets.xcassets in Resources */,
			);
			runOnlyForDeploymentPostprocessing = 0;
		};
		F4B95FE52CE72F3A00DF6DA7 /* Resources */ = {
			isa = PBXResourcesBuildPhase;
			buildActionMask = 2147483647;
			files = (
			);
			runOnlyForDeploymentPostprocessing = 0;
		};
		F4B95FEF2CE72F3A00DF6DA7 /* Resources */ = {
			isa = PBXResourcesBuildPhase;
			buildActionMask = 2147483647;
			files = (
			);
			runOnlyForDeploymentPostprocessing = 0;
		};
/* End PBXResourcesBuildPhase section */

/* Begin PBXSourcesBuildPhase section */
		F4B95FD32CE72F3800DF6DA7 /* Sources */ = {
			isa = PBXSourcesBuildPhase;
			buildActionMask = 2147483647;
			files = (
				F4B960142CE7335300DF6DA7 /* BLELoaderView.swift in Sources */,
				F4B960122CE732CA00DF6DA7 /* BouncingDotsLoaderView.swift in Sources */,
				F4B960102CE731FA00DF6DA7 /* Constants.swift in Sources */,
				F4B9600D2CE7317200DF6DA7 /* InfiniteShapeAnimationView.swift in Sources */,
				F4B960162CE7340000DF6DA7 /* MenuView.swift in Sources */,
				F4B960092CE730F800DF6DA7 /* CartShape.swift in Sources */,
				F4B9600B2CE7313100DF6DA7 /* InfinityShape.swift in Sources */,
				F4B95FDB2CE72F3800DF6DA7 /* AnimationExampleApp.swift in Sources */,
				F4B960062CE730C100DF6DA7 /* CartLoadingAnimationView.swift in Sources */,
			);
			runOnlyForDeploymentPostprocessing = 0;
		};
		F4B95FE32CE72F3A00DF6DA7 /* Sources */ = {
			isa = PBXSourcesBuildPhase;
			buildActionMask = 2147483647;
			files = (
				F4B95FEC2CE72F3A00DF6DA7 /* AnimationExampleTests.swift in Sources */,
			);
			runOnlyForDeploymentPostprocessing = 0;
		};
		F4B95FED2CE72F3A00DF6DA7 /* Sources */ = {
			isa = PBXSourcesBuildPhase;
			buildActionMask = 2147483647;
			files = (
				F4B95FF82CE72F3A00DF6DA7 /* AnimationExampleUITestsLaunchTests.swift in Sources */,
				F4B95FF62CE72F3A00DF6DA7 /* AnimationExampleUITests.swift in Sources */,
			);
			runOnlyForDeploymentPostprocessing = 0;
		};
/* End PBXSourcesBuildPhase section */

/* Begin PBXTargetDependency section */
		F4B95FE92CE72F3A00DF6DA7 /* PBXTargetDependency */ = {
			isa = PBXTargetDependency;
			target = F4B95FD62CE72F3800DF6DA7 /* AnimationExample */;
			targetProxy = F4B95FE82CE72F3A00DF6DA7 /* PBXContainerItemProxy */;
		};
		F4B95FF32CE72F3A00DF6DA7 /* PBXTargetDependency */ = {
			isa = PBXTargetDependency;
			target = F4B95FD62CE72F3800DF6DA7 /* AnimationExample */;
			targetProxy = F4B95FF22CE72F3A00DF6DA7 /* PBXContainerItemProxy */;
		};
/* End PBXTargetDependency section */

/* Begin XCBuildConfiguration section */
		F4B95FF92CE72F3A00DF6DA7 /* Debug */ = {
			isa = XCBuildConfiguration;
			buildSettings = {
				ALWAYS_SEARCH_USER_PATHS = NO;
				ASSETCATALOG_COMPILER_GENERATE_SWIFT_ASSET_SYMBOL_EXTENSIONS = YES;
				CLANG_ANALYZER_NONNULL = YES;
				CLANG_ANALYZER_NUMBER_OBJECT_CONVERSION = YES_AGGRESSIVE;
				CLANG_CXX_LANGUAGE_STANDARD = "gnu++20";
				CLANG_ENABLE_MODULES = YES;
				CLANG_ENABLE_OBJC_ARC = YES;
				CLANG_ENABLE_OBJC_WEAK = YES;
				CLANG_WARN_BLOCK_CAPTURE_AUTORELEASING = YES;
				CLANG_WARN_BOOL_CONVERSION = YES;
				CLANG_WARN_COMMA = YES;
				CLANG_WARN_CONSTANT_CONVERSION = YES;
				CLANG_WARN_DEPRECATED_OBJC_IMPLEMENTATIONS = YES;
				CLANG_WARN_DIRECT_OBJC_ISA_USAGE = YES_ERROR;
				CLANG_WARN_DOCUMENTATION_COMMENTS = YES;
				CLANG_WARN_EMPTY_BODY = YES;
				CLANG_WARN_ENUM_CONVERSION = YES;
				CLANG_WARN_INFINITE_RECURSION = YES;
				CLANG_WARN_INT_CONVERSION = YES;
				CLANG_WARN_NON_LITERAL_NULL_CONVERSION = YES;
				CLANG_WARN_OBJC_IMPLICIT_RETAIN_SELF = YES;
				CLANG_WARN_OBJC_LITERAL_CONVERSION = YES;
				CLANG_WARN_OBJC_ROOT_CLASS = YES_ERROR;
				CLANG_WARN_QUOTED_INCLUDE_IN_FRAMEWORK_HEADER = YES;
				CLANG_WARN_RANGE_LOOP_ANALYSIS = YES;
				CLANG_WARN_STRICT_PROTOTYPES = YES;
				CLANG_WARN_SUSPICIOUS_MOVE = YES;
				CLANG_WARN_UNGUARDED_AVAILABILITY = YES_AGGRESSIVE;
				CLANG_WARN_UNREACHABLE_CODE = YES;
				CLANG_WARN__DUPLICATE_METHOD_MATCH = YES;
				COPY_PHASE_STRIP = NO;
				DEBUG_INFORMATION_FORMAT = dwarf;
				ENABLE_STRICT_OBJC_MSGSEND = YES;
				ENABLE_TESTABILITY = YES;
				ENABLE_USER_SCRIPT_SANDBOXING = YES;
				GCC_C_LANGUAGE_STANDARD = gnu17;
				GCC_DYNAMIC_NO_PIC = NO;
				GCC_NO_COMMON_BLOCKS = YES;
				GCC_OPTIMIZATION_LEVEL = 0;
				GCC_PREPROCESSOR_DEFINITIONS = (
					"DEBUG=1",
					"$(inherited)",
				);
				GCC_WARN_64_TO_32_BIT_CONVERSION = YES;
				GCC_WARN_ABOUT_RETURN_TYPE = YES_ERROR;
				GCC_WARN_UNDECLARED_SELECTOR = YES;
				GCC_WARN_UNINITIALIZED_AUTOS = YES_AGGRESSIVE;
				GCC_WARN_UNUSED_FUNCTION = YES;
				GCC_WARN_UNUSED_VARIABLE = YES;
				IPHONEOS_DEPLOYMENT_TARGET = 17.4;
				LOCALIZATION_PREFERS_STRING_CATALOGS = YES;
				MTL_ENABLE_DEBUG_INFO = INCLUDE_SOURCE;
				MTL_FAST_MATH = YES;
				ONLY_ACTIVE_ARCH = YES;
				SDKROOT = iphoneos;
				SWIFT_ACTIVE_COMPILATION_CONDITIONS = "DEBUG $(inherited)";
				SWIFT_OPTIMIZATION_LEVEL = "-Onone";
			};
			name = Debug;
		};
		F4B95FFA2CE72F3A00DF6DA7 /* Release */ = {
			isa = XCBuildConfiguration;
			buildSettings = {
				ALWAYS_SEARCH_USER_PATHS = NO;
				ASSETCATALOG_COMPILER_GENERATE_SWIFT_ASSET_SYMBOL_EXTENSIONS = YES;
				CLANG_ANALYZER_NONNULL = YES;
				CLANG_ANALYZER_NUMBER_OBJECT_CONVERSION = YES_AGGRESSIVE;
				CLANG_CXX_LANGUAGE_STANDARD = "gnu++20";
				CLANG_ENABLE_MODULES = YES;
				CLANG_ENABLE_OBJC_ARC = YES;
				CLANG_ENABLE_OBJC_WEAK = YES;
				CLANG_WARN_BLOCK_CAPTURE_AUTORELEASING = YES;
				CLANG_WARN_BOOL_CONVERSION = YES;
				CLANG_WARN_COMMA = YES;
				CLANG_WARN_CONSTANT_CONVERSION = YES;
				CLANG_WARN_DEPRECATED_OBJC_IMPLEMENTATIONS = YES;
				CLANG_WARN_DIRECT_OBJC_ISA_USAGE = YES_ERROR;
				CLANG_WARN_DOCUMENTATION_COMMENTS = YES;
				CLANG_WARN_EMPTY_BODY = YES;
				CLANG_WARN_ENUM_CONVERSION = YES;
				CLANG_WARN_INFINITE_RECURSION = YES;
				CLANG_WARN_INT_CONVERSION = YES;
				CLANG_WARN_NON_LITERAL_NULL_CONVERSION = YES;
				CLANG_WARN_OBJC_IMPLICIT_RETAIN_SELF = YES;
				CLANG_WARN_OBJC_LITERAL_CONVERSION = YES;
				CLANG_WARN_OBJC_ROOT_CLASS = YES_ERROR;
				CLANG_WARN_QUOTED_INCLUDE_IN_FRAMEWORK_HEADER = YES;
				CLANG_WARN_RANGE_LOOP_ANALYSIS = YES;
				CLANG_WARN_STRICT_PROTOTYPES = YES;
				CLANG_WARN_SUSPICIOUS_MOVE = YES;
				CLANG_WARN_UNGUARDED_AVAILABILITY = YES_AGGRESSIVE;
				CLANG_WARN_UNREACHABLE_CODE = YES;
				CLANG_WARN__DUPLICATE_METHOD_MATCH = YES;
				COPY_PHASE_STRIP = NO;
				DEBUG_INFORMATION_FORMAT = "dwarf-with-dsym";
				ENABLE_NS_ASSERTIONS = NO;
				ENABLE_STRICT_OBJC_MSGSEND = YES;
				ENABLE_USER_SCRIPT_SANDBOXING = YES;
				GCC_C_LANGUAGE_STANDARD = gnu17;
				GCC_NO_COMMON_BLOCKS = YES;
				GCC_WARN_64_TO_32_BIT_CONVERSION = YES;
				GCC_WARN_ABOUT_RETURN_TYPE = YES_ERROR;
				GCC_WARN_UNDECLARED_SELECTOR = YES;
				GCC_WARN_UNINITIALIZED_AUTOS = YES_AGGRESSIVE;
				GCC_WARN_UNUSED_FUNCTION = YES;
				GCC_WARN_UNUSED_VARIABLE = YES;
				IPHONEOS_DEPLOYMENT_TARGET = 17.4;
				LOCALIZATION_PREFERS_STRING_CATALOGS = YES;
				MTL_ENABLE_DEBUG_INFO = NO;
				MTL_FAST_MATH = YES;
				SDKROOT = iphoneos;
				SWIFT_COMPILATION_MODE = wholemodule;
				VALIDATE_PRODUCT = YES;
			};
			name = Release;
		};
		F4B95FFC2CE72F3A00DF6DA7 /* Debug */ = {
			isa = XCBuildConfiguration;
			buildSettings = {
				ASSETCATALOG_COMPILER_APPICON_NAME = AppIcon;
				ASSETCATALOG_COMPILER_GLOBAL_ACCENT_COLOR_NAME = AccentColor;
				CODE_SIGN_STYLE = Automatic;
				CURRENT_PROJECT_VERSION = 1;
				DEVELOPMENT_ASSET_PATHS = "\"AnimationExample/Preview Content\"";
				ENABLE_PREVIEWS = YES;
				GENERATE_INFOPLIST_FILE = YES;
				INFOPLIST_KEY_UIApplicationSceneManifest_Generation = YES;
				INFOPLIST_KEY_UIApplicationSupportsIndirectInputEvents = YES;
				INFOPLIST_KEY_UILaunchScreen_Generation = YES;
				INFOPLIST_KEY_UISupportedInterfaceOrientations_iPad = "UIInterfaceOrientationPortrait UIInterfaceOrientationPortraitUpsideDown UIInterfaceOrientationLandscapeLeft UIInterfaceOrientationLandscapeRight";
				INFOPLIST_KEY_UISupportedInterfaceOrientations_iPhone = "UIInterfaceOrientationPortrait UIInterfaceOrientationLandscapeLeft UIInterfaceOrientationLandscapeRight";
				LD_RUNPATH_SEARCH_PATHS = (
					"$(inherited)",
					"@executable_path/Frameworks",
				);
				MARKETING_VERSION = 1.0;
				PRODUCT_BUNDLE_IDENTIFIER = com.example.AnimationExample;
				PRODUCT_NAME = "$(TARGET_NAME)";
				SWIFT_EMIT_LOC_STRINGS = YES;
				SWIFT_VERSION = 5.0;
				TARGETED_DEVICE_FAMILY = "1,2";
			};
			name = Debug;
		};
		F4B95FFD2CE72F3A00DF6DA7 /* Release */ = {
			isa = XCBuildConfiguration;
			buildSettings = {
				ASSETCATALOG_COMPILER_APPICON_NAME = AppIcon;
				ASSETCATALOG_COMPILER_GLOBAL_ACCENT_COLOR_NAME = AccentColor;
				CODE_SIGN_STYLE = Automatic;
				CURRENT_PROJECT_VERSION = 1;
				DEVELOPMENT_ASSET_PATHS = "\"AnimationExample/Preview Content\"";
				ENABLE_PREVIEWS = YES;
				GENERATE_INFOPLIST_FILE = YES;
				INFOPLIST_KEY_UIApplicationSceneManifest_Generation = YES;
				INFOPLIST_KEY_UIApplicationSupportsIndirectInputEvents = YES;
				INFOPLIST_KEY_UILaunchScreen_Generation = YES;
				INFOPLIST_KEY_UISupportedInterfaceOrientations_iPad = "UIInterfaceOrientationPortrait UIInterfaceOrientationPortraitUpsideDown UIInterfaceOrientationLandscapeLeft UIInterfaceOrientationLandscapeRight";
				INFOPLIST_KEY_UISupportedInterfaceOrientations_iPhone = "UIInterfaceOrientationPortrait UIInterfaceOrientationLandscapeLeft UIInterfaceOrientationLandscapeRight";
				LD_RUNPATH_SEARCH_PATHS = (
					"$(inherited)",
					"@executable_path/Frameworks",
				);
				MARKETING_VERSION = 1.0;
				PRODUCT_BUNDLE_IDENTIFIER = com.example.AnimationExample;
				PRODUCT_NAME = "$(TARGET_NAME)";
				SWIFT_EMIT_LOC_STRINGS = YES;
				SWIFT_VERSION = 5.0;
				TARGETED_DEVICE_FAMILY = "1,2";
			};
			name = Release;
		};
		F4B95FFF2CE72F3A00DF6DA7 /* Debug */ = {
			isa = XCBuildConfiguration;
			buildSettings = {
				ALWAYS_EMBED_SWIFT_STANDARD_LIBRARIES = YES;
				BUNDLE_LOADER = "$(TEST_HOST)";
				CODE_SIGN_STYLE = Automatic;
				CURRENT_PROJECT_VERSION = 1;
				GENERATE_INFOPLIST_FILE = YES;
				IPHONEOS_DEPLOYMENT_TARGET = 17.4;
				MARKETING_VERSION = 1.0;
				PRODUCT_BUNDLE_IDENTIFIER = com.example.AnimationExampleTests;
				PRODUCT_NAME = "$(TARGET_NAME)";
				SWIFT_EMIT_LOC_STRINGS = NO;
				SWIFT_VERSION = 5.0;
				TARGETED_DEVICE_FAMILY = "1,2";
				TEST_HOST = "$(BUILT_PRODUCTS_DIR)/AnimationExample.app/$(BUNDLE_EXECUTABLE_FOLDER_PATH)/AnimationExample";
			};
			name = Debug;
		};
		F4B960002CE72F3A00DF6DA7 /* Release */ = {
			isa = XCBuildConfiguration;
			buildSettings = {
				ALWAYS_EMBED_SWIFT_STANDARD_LIBRARIES = YES;
				BUNDLE_LOADER = "$(TEST_HOST)";
				CODE_SIGN_STYLE = Automatic;
				CURRENT_PROJECT_VERSION = 1;
				GENERATE_INFOPLIST_FILE = YES;
				IPHONEOS_DEPLOYMENT_TARGET = 17.4;
				MARKETING_VERSION = 1.0;
				PRODUCT_BUNDLE_IDENTIFIER = com.example.AnimationExampleTests;
				PRODUCT_NAME = "$(TARGET_NAME)";
				SWIFT_EMIT_LOC_STRINGS = NO;
				SWIFT_VERSION = 5.0;
				TARGETED_DEVICE_FAMILY = "1,2";
				TEST_HOST = "$(BUILT_PRODUCTS_DIR)/AnimationExample.app/$(BUNDLE_EXECUTABLE_FOLDER_PATH)/AnimationExample";
			};
			name = Release;
		};
		F4B960022CE72F3A00DF6DA7 /* Debug */ = {
			isa = XCBuildConfiguration;
			buildSettings = {
				ALWAYS_EMBED_SWIFT_STANDARD_LIBRARIES = YES;
				CODE_SIGN_STYLE = Automatic;
				CURRENT_PROJECT_VERSION = 1;
				GENERATE_INFOPLIST_FILE = YES;
				MARKETING_VERSION = 1.0;
				PRODUCT_BUNDLE_IDENTIFIER = com.example.AnimationExampleUITests;
				PRODUCT_NAME = "$(TARGET_NAME)";
				SWIFT_EMIT_LOC_STRINGS = NO;
				SWIFT_VERSION = 5.0;
				TARGETED_DEVICE_FAMILY = "1,2";
				TEST_TARGET_NAME = AnimationExample;
			};
			name = Debug;
		};
		F4B960032CE72F3A00DF6DA7 /* Release */ = {
			isa = XCBuildConfiguration;
			buildSettings = {
				ALWAYS_EMBED_SWIFT_STANDARD_LIBRARIES = YES;
				CODE_SIGN_STYLE = Automatic;
				CURRENT_PROJECT_VERSION = 1;
				GENERATE_INFOPLIST_FILE = YES;
				MARKETING_VERSION = 1.0;
				PRODUCT_BUNDLE_IDENTIFIER = com.example.AnimationExampleUITests;
				PRODUCT_NAME = "$(TARGET_NAME)";
				SWIFT_EMIT_LOC_STRINGS = NO;
				SWIFT_VERSION = 5.0;
				TARGETED_DEVICE_FAMILY = "1,2";
				TEST_TARGET_NAME = AnimationExample;
			};
			name = Release;
		};
/* End XCBuildConfiguration section */

/* Begin XCConfigurationList section */
		F4B95FD22CE72F3800DF6DA7 /* Build configuration list for PBXProject "AnimationExample" */ = {
			isa = XCConfigurationList;
			buildConfigurations = (
				F4B95FF92CE72F3A00DF6DA7 /* Debug */,
				F4B95FFA2CE72F3A00DF6DA7 /* Release */,
			);
			defaultConfigurationIsVisible = 0;
			defaultConfigurationName = Release;
		};
		F4B95FFB2CE72F3A00DF6DA7 /* Build configuration list for PBXNativeTarget "AnimationExample" */ = {
			isa = XCConfigurationList;
			buildConfigurations = (
				F4B95FFC2CE72F3A00DF6DA7 /* Debug */,
				F4B95FFD2CE72F3A00DF6DA7 /* Release */,
			);
			defaultConfigurationIsVisible = 0;
			defaultConfigurationName = Release;
		};
		F4B95FFE2CE72F3A00DF6DA7 /* Build configuration list for PBXNativeTarget "AnimationExampleTests" */ = {
			isa = XCConfigurationList;
			buildConfigurations = (
				F4B95FFF2CE72F3A00DF6DA7 /* Debug */,
				F4B960002CE72F3A00DF6DA7 /* Release */,
			);
			defaultConfigurationIsVisible = 0;
			defaultConfigurationName = Release;
		};
		F4B960012CE72F3A00DF6DA7 /* Build configuration list for PBXNativeTarget "AnimationExampleUITests" */ = {
			isa = XCConfigurationList;
			buildConfigurations = (
				F4B960022CE72F3A00DF6DA7 /* Debug */,
				F4B960032CE72F3A00DF6DA7 /* Release */,
			);
			defaultConfigurationIsVisible = 0;
			defaultConfigurationName = Release;
		};
/* End XCConfigurationList section */
	};
	rootObject = F4B95FCF2CE72F3800DF6DA7 /* Project object */;
}
